// !$*UTF8*$!
{
	archiveVersion = 1;
	classes = {
	};
	objectVersion = 55;
	objects = {

/* Begin PBXBuildFile section */
		E3661170266ECD6000158927 /* UsersView.swift in Sources */ = {isa = PBXBuildFile; fileRef = E366116F266ECD6000158927 /* UsersView.swift */; };
		E3661173266ED05500158927 /* UsersViewModel.swift in Sources */ = {isa = PBXBuildFile; fileRef = E3661172266ED05500158927 /* UsersViewModel.swift */; };
		E3661175266ED06A00158927 /* User.swift in Sources */ = {isa = PBXBuildFile; fileRef = E3661174266ED06A00158927 /* User.swift */; };
		E3F4D798266EB5BC008A8BF5 /* WWDC21App.swift in Sources */ = {isa = PBXBuildFile; fileRef = E3F4D797266EB5BC008A8BF5 /* WWDC21App.swift */; };
		E3F4D79A266EB5BC008A8BF5 /* ContentView.swift in Sources */ = {isa = PBXBuildFile; fileRef = E3F4D799266EB5BC008A8BF5 /* ContentView.swift */; };
		E3F4D79C266EB5BD008A8BF5 /* Assets.xcassets in Resources */ = {isa = PBXBuildFile; fileRef = E3F4D79B266EB5BD008A8BF5 /* Assets.xcassets */; };
		E3F4D79F266EB5BD008A8BF5 /* Preview Assets.xcassets in Resources */ = {isa = PBXBuildFile; fileRef = E3F4D79E266EB5BD008A8BF5 /* Preview Assets.xcassets */; };
/* End PBXBuildFile section */

/* Begin PBXFileReference section */
		E366116F266ECD6000158927 /* UsersView.swift */ = {isa = PBXFileReference; lastKnownFileType = sourcecode.swift; path = UsersView.swift; sourceTree = "<group>"; };
		E3661172266ED05500158927 /* UsersViewModel.swift */ = {isa = PBXFileReference; lastKnownFileType = sourcecode.swift; path = UsersViewModel.swift; sourceTree = "<group>"; };
		E3661174266ED06A00158927 /* User.swift */ = {isa = PBXFileReference; lastKnownFileType = sourcecode.swift; path = User.swift; sourceTree = "<group>"; };
		E3F4D794266EB5BC008A8BF5 /* WWDC21.app */ = {isa = PBXFileReference; explicitFileType = wrapper.application; includeInIndex = 0; path = WWDC21.app; sourceTree = BUILT_PRODUCTS_DIR; };
		E3F4D797266EB5BC008A8BF5 /* WWDC21App.swift */ = {isa = PBXFileReference; lastKnownFileType = sourcecode.swift; path = WWDC21App.swift; sourceTree = "<group>"; };
		E3F4D799266EB5BC008A8BF5 /* ContentView.swift */ = {isa = PBXFileReference; lastKnownFileType = sourcecode.swift; path = ContentView.swift; sourceTree = "<group>"; };
		E3F4D79B266EB5BD008A8BF5 /* Assets.xcassets */ = {isa = PBXFileReference; lastKnownFileType = folder.assetcatalog; path = Assets.xcassets; sourceTree = "<group>"; };
		E3F4D79E266EB5BD008A8BF5 /* Preview Assets.xcassets */ = {isa = PBXFileReference; lastKnownFileType = folder.assetcatalog; path = "Preview Assets.xcassets"; sourceTree = "<group>"; };
/* End PBXFileReference section */

/* Begin PBXFrameworksBuildPhase section */
		E3F4D791266EB5BC008A8BF5 /* Frameworks */ = {
			isa = PBXFrameworksBuildPhase;
			buildActionMask = 2147483647;
			files = (
			);
			runOnlyForDeploymentPostprocessing = 0;
		};
/* End PBXFrameworksBuildPhase section */

/* Begin PBXGroup section */
		E366116E266ECD4B00158927 /* Modules */ = {
			isa = PBXGroup;
			children = (
				E3661171266ED04C00158927 /* Users */,
			);
			path = Modules;
			sourceTree = "<group>";
		};
		E3661171266ED04C00158927 /* Users */ = {
			isa = PBXGroup;
			children = (
				E366116F266ECD6000158927 /* UsersView.swift */,
				E3661172266ED05500158927 /* UsersViewModel.swift */,
				E3661174266ED06A00158927 /* User.swift */,
			);
			path = Users;
			sourceTree = "<group>";
		};
		E3F4D78B266EB5BC008A8BF5 = {
			isa = PBXGroup;
			children = (
				E3F4D796266EB5BC008A8BF5 /* WWDC21 */,
				E3F4D795266EB5BC008A8BF5 /* Products */,
			);
			sourceTree = "<group>";
		};
		E3F4D795266EB5BC008A8BF5 /* Products */ = {
			isa = PBXGroup;
			children = (
				E3F4D794266EB5BC008A8BF5 /* WWDC21.app */,
			);
			name = Products;
			sourceTree = "<group>";
		};
		E3F4D796266EB5BC008A8BF5 /* WWDC21 */ = {
			isa = PBXGroup;
			children = (
				E3F4D797266EB5BC008A8BF5 /* WWDC21App.swift */,
				E3F4D799266EB5BC008A8BF5 /* ContentView.swift */,
				E366116E266ECD4B00158927 /* Modules */,
				E3F4D79B266EB5BD008A8BF5 /* Assets.xcassets */,
				E3F4D79D266EB5BD008A8BF5 /* Preview Content */,
			);
			path = WWDC21;
			sourceTree = "<group>";
		};
		E3F4D79D266EB5BD008A8BF5 /* Preview Content */ = {
			isa = PBXGroup;
			children = (
				E3F4D79E266EB5BD008A8BF5 /* Preview Assets.xcassets */,
			);
			path = "Preview Content";
			sourceTree = "<group>";
		};
/* End PBXGroup section */

/* Begin PBXNativeTarget section */
		E3F4D793266EB5BC008A8BF5 /* WWDC21 */ = {
			isa = PBXNativeTarget;
			buildConfigurationList = E3F4D7A2266EB5BD008A8BF5 /* Build configuration list for PBXNativeTarget "WWDC21" */;
			buildPhases = (
				E3F4D790266EB5BC008A8BF5 /* Sources */,
				E3F4D791266EB5BC008A8BF5 /* Frameworks */,
				E3F4D792266EB5BC008A8BF5 /* Resources */,
			);
			buildRules = (
			);
			dependencies = (
			);
			name = WWDC21;
			productName = WWDC21;
			productReference = E3F4D794266EB5BC008A8BF5 /* WWDC21.app */;
			productType = "com.apple.product-type.application";
		};
/* End PBXNativeTarget section */

/* Begin PBXProject section */
		E3F4D78C266EB5BC008A8BF5 /* Project object */ = {
			isa = PBXProject;
			attributes = {
				BuildIndependentTargetsInParallel = 1;
				LastSwiftUpdateCheck = 1300;
				LastUpgradeCheck = 1300;
				TargetAttributes = {
					E3F4D793266EB5BC008A8BF5 = {
						CreatedOnToolsVersion = 13.0;
					};
				};
			};
			buildConfigurationList = E3F4D78F266EB5BC008A8BF5 /* Build configuration list for PBXProject "WWDC21" */;
			compatibilityVersion = "Xcode 13.0";
			developmentRegion = en;
			hasScannedForEncodings = 0;
			knownRegions = (
				en,
				Base,
			);
			mainGroup = E3F4D78B266EB5BC008A8BF5;
			productRefGroup = E3F4D795266EB5BC008A8BF5 /* Products */;
			projectDirPath = "";
			projectRoot = "";
			targets = (
				E3F4D793266EB5BC008A8BF5 /* WWDC21 */,
			);
		};
/* End PBXProject section */

/* Begin PBXResourcesBuildPhase section */
		E3F4D792266EB5BC008A8BF5 /* Resources */ = {
			isa = PBXResourcesBuildPhase;
			buildActionMask = 2147483647;
			files = (
				E3F4D79F266EB5BD008A8BF5 /* Preview Assets.xcassets in Resources */,
				E3F4D79C266EB5BD008A8BF5 /* Assets.xcassets in Resources */,
			);
			runOnlyForDeploymentPostprocessing = 0;
		};
/* End PBXResourcesBuildPhase section */

/* Begin PBXSourcesBuildPhase section */
		E3F4D790266EB5BC008A8BF5 /* Sources */ = {
			isa = PBXSourcesBuildPhase;
			buildActionMask = 2147483647;
			files = (
				E3F4D79A266EB5BC008A8BF5 /* ContentView.swift in Sources */,
				E3661173266ED05500158927 /* UsersViewModel.swift in Sources */,
				E3F4D798266EB5BC008A8BF5 /* WWDC21App.swift in Sources */,
				E3661175266ED06A00158927 /* User.swift in Sources */,
				E3661170266ECD6000158927 /* UsersView.swift in Sources */,
			);
			runOnlyForDeploymentPostprocessing = 0;
		};
/* End PBXSourcesBuildPhase section */

/* Begin XCBuildConfiguration section */
		E3F4D7A0266EB5BD008A8BF5 /* Debug */ = {
			isa = XCBuildConfiguration;
			buildSettings = {
				ALWAYS_SEARCH_USER_PATHS = NO;
				CLANG_ANALYZER_NONNULL = YES;
				CLANG_ANALYZER_NUMBER_OBJECT_CONVERSION = YES_AGGRESSIVE;
				CLANG_CXX_LANGUAGE_STANDARD = "gnu++14";
				CLANG_CXX_LIBRARY = "libc++";
				CLANG_ENABLE_MODULES = YES;
				CLANG_ENABLE_OBJC_ARC = YES;
				CLANG_ENABLE_OBJC_WEAK = YES;
				CLANG_WARN_BLOCK_CAPTURE_AUTORELEASING = YES;
				CLANG_WARN_BOOL_CONVERSION = YES;
				CLANG_WARN_COMMA = YES;
				CLANG_WARN_CONSTANT_CONVERSION = YES;
				CLANG_WARN_DEPRECATED_OBJC_IMPLEMENTATIONS = YES;
				CLANG_WARN_DIRECT_OBJC_ISA_USAGE = YES_ERROR;
				CLANG_WARN_DOCUMENTATION_COMMENTS = YES;
				CLANG_WARN_EMPTY_BODY = YES;
				CLANG_WARN_ENUM_CONVERSION = YES;
				CLANG_WARN_INFINITE_RECURSION = YES;
				CLANG_WARN_INT_CONVERSION = YES;
				CLANG_WARN_NON_LITERAL_NULL_CONVERSION = YES;
				CLANG_WARN_OBJC_IMPLICIT_RETAIN_SELF = YES;
				CLANG_WARN_OBJC_LITERAL_CONVERSION = YES;
				CLANG_WARN_OBJC_ROOT_CLASS = YES_ERROR;
				CLANG_WARN_QUOTED_INCLUDE_IN_FRAMEWORK_HEADER = YES;
				CLANG_WARN_RANGE_LOOP_ANALYSIS = YES;
				CLANG_WARN_STRICT_PROTOTYPES = YES;
				CLANG_WARN_SUSPICIOUS_MOVE = YES;
				CLANG_WARN_UNGUARDED_AVAILABILITY = YES_AGGRESSIVE;
				CLANG_WARN_UNREACHABLE_CODE = YES;
				CLANG_WARN__DUPLICATE_METHOD_MATCH = YES;
				COPY_PHASE_STRIP = NO;
				DEBUG_INFORMATION_FORMAT = dwarf;
				ENABLE_STRICT_OBJC_MSGSEND = YES;
				ENABLE_TESTABILITY = YES;
				GCC_C_LANGUAGE_STANDARD = gnu11;
				GCC_DYNAMIC_NO_PIC = NO;
				GCC_NO_COMMON_BLOCKS = YES;
				GCC_OPTIMIZATION_LEVEL = 0;
				GCC_PREPROCESSOR_DEFINITIONS = (
					"DEBUG=1",
					"$(inherited)",
				);
				GCC_WARN_64_TO_32_BIT_CONVERSION = YES;
				GCC_WARN_ABOUT_RETURN_TYPE = YES_ERROR;
				GCC_WARN_UNDECLARED_SELECTOR = YES;
				GCC_WARN_UNINITIALIZED_AUTOS = YES_AGGRESSIVE;
				GCC_WARN_UNUSED_FUNCTION = YES;
				GCC_WARN_UNUSED_VARIABLE = YES;
				IPHONEOS_DEPLOYMENT_TARGET = 15.0;
				MTL_ENABLE_DEBUG_INFO = INCLUDE_SOURCE;
				MTL_FAST_MATH = YES;
				ONLY_ACTIVE_ARCH = YES;
				SDKROOT = iphoneos;
				SWIFT_ACTIVE_COMPILATION_CONDITIONS = DEBUG;
				SWIFT_OPTIMIZATION_LEVEL = "-Onone";
			};
			name = Debug;
		};
		E3F4D7A1266EB5BD008A8BF5 /* Release */ = {
			isa = XCBuildConfiguration;
			buildSettings = {
				ALWAYS_SEARCH_USER_PATHS = NO;
				CLANG_ANALYZER_NONNULL = YES;
				CLANG_ANALYZER_NUMBER_OBJECT_CONVERSION = YES_AGGRESSIVE;
				CLANG_CXX_LANGUAGE_STANDARD = "gnu++14";
				CLANG_CXX_LIBRARY = "libc++";
				CLANG_ENABLE_MODULES = YES;
				CLANG_ENABLE_OBJC_ARC = YES;
				CLANG_ENABLE_OBJC_WEAK = YES;
				CLANG_WARN_BLOCK_CAPTURE_AUTORELEASING = YES;
				CLANG_WARN_BOOL_CONVERSION = YES;
				CLANG_WARN_COMMA = YES;
				CLANG_WARN_CONSTANT_CONVERSION = YES;
				CLANG_WARN_DEPRECATED_OBJC_IMPLEMENTATIONS = YES;
				CLANG_WARN_DIRECT_OBJC_ISA_USAGE = YES_ERROR;
				CLANG_WARN_DOCUMENTATION_COMMENTS = YES;
				CLANG_WARN_EMPTY_BODY = YES;
				CLANG_WARN_ENUM_CONVERSION = YES;
				CLANG_WARN_INFINITE_RECURSION = YES;
				CLANG_WARN_INT_CONVERSION = YES;
				CLANG_WARN_NON_LITERAL_NULL_CONVERSION = YES;
				CLANG_WARN_OBJC_IMPLICIT_RETAIN_SELF = YES;
				CLANG_WARN_OBJC_LITERAL_CONVERSION = YES;
				CLANG_WARN_OBJC_ROOT_CLASS = YES_ERROR;
				CLANG_WARN_QUOTED_INCLUDE_IN_FRAMEWORK_HEADER = YES;
				CLANG_WARN_RANGE_LOOP_ANALYSIS = YES;
				CLANG_WARN_STRICT_PROTOTYPES = YES;
				CLANG_WARN_SUSPICIOUS_MOVE = YES;
				CLANG_WARN_UNGUARDED_AVAILABILITY = YES_AGGRESSIVE;
				CLANG_WARN_UNREACHABLE_CODE = YES;
				CLANG_WARN__DUPLICATE_METHOD_MATCH = YES;
				COPY_PHASE_STRIP = NO;
				DEBUG_INFORMATION_FORMAT = "dwarf-with-dsym";
				ENABLE_NS_ASSERTIONS = NO;
				ENABLE_STRICT_OBJC_MSGSEND = YES;
				GCC_C_LANGUAGE_STANDARD = gnu11;
				GCC_NO_COMMON_BLOCKS = YES;
				GCC_WARN_64_TO_32_BIT_CONVERSION = YES;
				GCC_WARN_ABOUT_RETURN_TYPE = YES_ERROR;
				GCC_WARN_UNDECLARED_SELECTOR = YES;
				GCC_WARN_UNINITIALIZED_AUTOS = YES_AGGRESSIVE;
				GCC_WARN_UNUSED_FUNCTION = YES;
				GCC_WARN_UNUSED_VARIABLE = YES;
				IPHONEOS_DEPLOYMENT_TARGET = 15.0;
				MTL_ENABLE_DEBUG_INFO = NO;
				MTL_FAST_MATH = YES;
				SDKROOT = iphoneos;
				SWIFT_COMPILATION_MODE = wholemodule;
				SWIFT_OPTIMIZATION_LEVEL = "-O";
				VALIDATE_PRODUCT = YES;
			};
			name = Release;
		};
		E3F4D7A3266EB5BD008A8BF5 /* Debug */ = {
			isa = XCBuildConfiguration;
			buildSettings = {
				ASSETCATALOG_COMPILER_APPICON_NAME = AppIcon;
				ASSETCATALOG_COMPILER_GLOBAL_ACCENT_COLOR_NAME = AccentColor;
				CODE_SIGN_STYLE = Automatic;
				CURRENT_PROJECT_VERSION = 1;
				DEVELOPMENT_ASSET_PATHS = "\"WWDC21/Preview Content\"";
				DEVELOPMENT_TEAM = 6BQ95S6MAJ;
				ENABLE_PREVIEWS = YES;
				GENERATE_INFOPLIST_FILE = YES;
				INFOPLIST_KEY_UIApplicationSceneManifest_Generation = YES;
				INFOPLIST_KEY_UIApplicationSupportsIndirectInputEvents = YES;
				INFOPLIST_KEY_UILaunchScreen_Generation = YES;
				INFOPLIST_KEY_UISupportedInterfaceOrientations_iPad = "UIInterfaceOrientationPortrait UIInterfaceOrientationPortraitUpsideDown UIInterfaceOrientationLandscapeLeft UIInterfaceOrientationLandscapeRight";
				INFOPLIST_KEY_UISupportedInterfaceOrientations_iPhone = "UIInterfaceOrientationPortrait UIInterfaceOrientationLandscapeLeft UIInterfaceOrientationLandscapeRight";
				IPHONEOS_DEPLOYMENT_TARGET = 15.0;
				LD_RUNPATH_SEARCH_PATHS = (
					"$(inherited)",
					"@executable_path/Frameworks",
				);
				MARKETING_VERSION = 1.0;
				PRODUCT_BUNDLE_IDENTIFIER = com.simpsy.WWDC21;
				PRODUCT_NAME = "$(TARGET_NAME)";
				SWIFT_EMIT_LOC_STRINGS = YES;
				SWIFT_VERSION = 5.0;
				TARGETED_DEVICE_FAMILY = "1,2";
			};
			name = Debug;
		};
		E3F4D7A4266EB5BD008A8BF5 /* Release */ = {
			isa = XCBuildConfiguration;
			buildSettings = {
				ASSETCATALOG_COMPILER_APPICON_NAME = AppIcon;
				ASSETCATALOG_COMPILER_GLOBAL_ACCENT_COLOR_NAME = AccentColor;
				CODE_SIGN_STYLE = Automatic;
				CURRENT_PROJECT_VERSION = 1;
				DEVELOPMENT_ASSET_PATHS = "\"WWDC21/Preview Content\"";
				DEVELOPMENT_TEAM = 6BQ95S6MAJ;
				ENABLE_PREVIEWS = YES;
				GENERATE_INFOPLIST_FILE = YES;
				INFOPLIST_KEY_UIApplicationSceneManifest_Generation = YES;
				INFOPLIST_KEY_UIApplicationSupportsIndirectInputEvents = YES;
				INFOPLIST_KEY_UILaunchScreen_Generation = YES;
				INFOPLIST_KEY_UISupportedInterfaceOrientations_iPad = "UIInterfaceOrientationPortrait UIInterfaceOrientationPortraitUpsideDown UIInterfaceOrientationLandscapeLeft UIInterfaceOrientationLandscapeRight";
				INFOPLIST_KEY_UISupportedInterfaceOrientations_iPhone = "UIInterfaceOrientationPortrait UIInterfaceOrientationLandscapeLeft UIInterfaceOrientationLandscapeRight";
				IPHONEOS_DEPLOYMENT_TARGET = 15.0;
				LD_RUNPATH_SEARCH_PATHS = (
					"$(inherited)",
					"@executable_path/Frameworks",
				);
				MARKETING_VERSION = 1.0;
				PRODUCT_BUNDLE_IDENTIFIER = com.simpsy.WWDC21;
				PRODUCT_NAME = "$(TARGET_NAME)";
				SWIFT_EMIT_LOC_STRINGS = YES;
				SWIFT_VERSION = 5.0;
				TARGETED_DEVICE_FAMILY = "1,2";
			};
			name = Release;
		};
/* End XCBuildConfiguration section */

/* Begin XCConfigurationList section */
		E3F4D78F266EB5BC008A8BF5 /* Build configuration list for PBXProject "WWDC21" */ = {
			isa = XCConfigurationList;
			buildConfigurations = (
				E3F4D7A0266EB5BD008A8BF5 /* Debug */,
				E3F4D7A1266EB5BD008A8BF5 /* Release */,
			);
			defaultConfigurationIsVisible = 0;
			defaultConfigurationName = Release;
		};
		E3F4D7A2266EB5BD008A8BF5 /* Build configuration list for PBXNativeTarget "WWDC21" */ = {
			isa = XCConfigurationList;
			buildConfigurations = (
				E3F4D7A3266EB5BD008A8BF5 /* Debug */,
				E3F4D7A4266EB5BD008A8BF5 /* Release */,
			);
			defaultConfigurationIsVisible = 0;
			defaultConfigurationName = Release;
		};
/* End XCConfigurationList section */
	};
	rootObject = E3F4D78C266EB5BC008A8BF5 /* Project object */;
}
